{
  "requires": true,
  "lockfileVersion": 1,
  "dependencies": {
    "cordova-plugin-speechrecognition": {
      "version": "1.2.0",
      "resolved": "https://registry.npmjs.org/cordova-plugin-speechrecognition/-/cordova-plugin-speechrecognition-1.2.0.tgz",
      "integrity": "sha1-AF8QyJb9kpPYWH/lUiorZC3qlwo="
    }
  }
}
