{
  "requires": true,
  "lockfileVersion": 1,
  "dependencies": {
    "phonegap-plugin-speech-recognition": {
      "version": "git+https://github.com/macdonst/SpeechRecognitionPlugin.git#8fbc04dcd6abf37ce1c2e186a9811aaa9fa7295c",
      "from": "git+https://github.com/macdonst/SpeechRecognitionPlugin.git"
    }
  }
}
